github.com/appflight/apkparser v0.0.0-20210130111306-76f9efb1a121 h1:wMVhNSMHn1v2sh2BlTNRdl3nDo1b1MGhH62JrbMiygI=
github.com/appflight/apkparser v0.0.0-20210130111306-76f9efb1a121/go.mod h1:Z1DeQQQej1icWWKARW4R89Pnp/FWp0QDJs6PRWBHoPc=
github.com/klauspost/compress v1.11.0 h1:wJbzvpYMVGG9iTI9VxpnNZfd4DzMPoCWze3GgSqz8yg=
github.com/klauspost/compress v1.11.0/go.mod h1:aoV0uJVorq1K+umq18yTdKaF57EivdYsUV+/s2qKfXs=
